{
  "name": "2DAM",
  "lockfileVersion": 3,
  "requires": true,
  "packages": {
    "": {
      "devDependencies": {
        "@types/react": "^19.2.4"
      }
    },
    "node_modules/@types/react": {
      "version": "19.2.4",
      "resolved": "https://registry.npmjs.org/@types/react/-/react-19.2.4.tgz",
      "integrity": "sha512-tBFxBp9Nfyy5rsmefN+WXc1JeW/j2BpBHFdLZbEVfs9wn3E3NRFxwV0pJg8M1qQAexFpvz73hJXFofV0ZAu92A==",
      "dev": true,
      "license": "MIT",
      "dependencies": {
        "csstype": "^3.0.2"
      }
    },
    "node_modules/csstype": {
      "version": "3.2.0",
      "resolved": "https://registry.npmjs.org/csstype/-/csstype-3.2.0.tgz",
      "integrity": "sha512-si++xzRAY9iPp60roQiFta7OFbhrgvcthrhlNAGeQptSY25uJjkfUV8OArC3KLocB8JT8ohz+qgxWCmz8RhjIg==",
      "dev": true,
      "license": "MIT"
    }
  }
}
